// !$*UTF8*$!
{
	archiveVersion = 1;
	classes = {
	};
	objectVersion = 46;
	objects = {

/* Begin PBXBuildFile section */
		AACD162A1AD9FD23006FF457 /* main.swift in Sources */ = {isa = PBXBuildFile; fileRef = AACD16291AD9FD23006FF457 /* main.swift */; };
		AACD16351AD9FE58006FF457 /* sub02.c in Sources */ = {isa = PBXBuildFile; fileRef = AACD16331AD9FE58006FF457 /* sub02.c */; };
		AAD844F01AEA2A6B00C0FE4C /* sub01.m in Sources */ = {isa = PBXBuildFile; fileRef = AAD844EF1AEA2A6B00C0FE4C /* sub01.m */; };
/* End PBXBuildFile section */

/* Begin PBXCopyFilesBuildPhase section */
		AACD16241AD9FD23006FF457 /* CopyFiles */ = {
			isa = PBXCopyFilesBuildPhase;
			buildActionMask = 2147483647;
			dstPath = /usr/share/man/man1/;
			dstSubfolderSpec = 0;
			files = (
			);
			runOnlyForDeploymentPostprocessing = 1;
		};
/* End PBXCopyFilesBuildPhase section */

/* Begin PBXFileReference section */
		AACD16261AD9FD23006FF457 /* CBridgeTest */ = {isa = PBXFileReference; explicitFileType = "compiled.mach-o.executable"; includeInIndex = 0; path = CBridgeTest; sourceTree = BUILT_PRODUCTS_DIR; };
		AACD16291AD9FD23006FF457 /* main.swift */ = {isa = PBXFileReference; lastKnownFileType = sourcecode.swift; path = main.swift; sourceTree = "<group>"; };
		AACD16301AD9FDB3006FF457 /* CBridgeTest-Bridging-Header.h */ = {isa = PBXFileReference; lastKnownFileType = sourcecode.c.h; path = "CBridgeTest-Bridging-Header.h"; sourceTree = SOURCE_ROOT; };
		AACD16331AD9FE58006FF457 /* sub02.c */ = {isa = PBXFileReference; fileEncoding = 4; lastKnownFileType = sourcecode.c.c; path = sub02.c; sourceTree = "<group>"; };
		AACD16341AD9FE58006FF457 /* sub02.h */ = {isa = PBXFileReference; fileEncoding = 4; lastKnownFileType = sourcecode.c.h; path = sub02.h; sourceTree = "<group>"; };
		AACD16361AD9FE9D006FF457 /* sub01.h */ = {isa = PBXFileReference; lastKnownFileType = sourcecode.c.h; path = sub01.h; sourceTree = "<group>"; };
		AAD844EF1AEA2A6B00C0FE4C /* sub01.m */ = {isa = PBXFileReference; fileEncoding = 4; lastKnownFileType = sourcecode.c.objc; path = sub01.m; sourceTree = "<group>"; };
/* End PBXFileReference section */

/* Begin PBXFrameworksBuildPhase section */
		AACD16231AD9FD23006FF457 /* Frameworks */ = {
			isa = PBXFrameworksBuildPhase;
			buildActionMask = 2147483647;
			files = (
			);
			runOnlyForDeploymentPostprocessing = 0;
		};
/* End PBXFrameworksBuildPhase section */

/* Begin PBXGroup section */
		AACD161D1AD9FD23006FF457 = {
			isa = PBXGroup;
			children = (
				AACD16281AD9FD23006FF457 /* CBridgeTest */,
				AACD16271AD9FD23006FF457 /* Products */,
			);
			sourceTree = "<group>";
		};
		AACD16271AD9FD23006FF457 /* Products */ = {
			isa = PBXGroup;
			children = (
				AACD16261AD9FD23006FF457 /* CBridgeTest */,
			);
			name = Products;
			sourceTree = "<group>";
		};
		AACD16281AD9FD23006FF457 /* CBridgeTest */ = {
			isa = PBXGroup;
			children = (
				AACD16301AD9FDB3006FF457 /* CBridgeTest-Bridging-Header.h */,
				AACD16291AD9FD23006FF457 /* main.swift */,
				AAD844EF1AEA2A6B00C0FE4C /* sub01.m */,
				AACD16361AD9FE9D006FF457 /* sub01.h */,
				AACD16331AD9FE58006FF457 /* sub02.c */,
				AACD16341AD9FE58006FF457 /* sub02.h */,
			);
			path = CBridgeTest;
			sourceTree = "<group>";
		};
/* End PBXGroup section */

/* Begin PBXNativeTarget section */
		AACD16251AD9FD23006FF457 /* CBridgeTest */ = {
			isa = PBXNativeTarget;
			buildConfigurationList = AACD162D1AD9FD23006FF457 /* Build configuration list for PBXNativeTarget "CBridgeTest" */;
			buildPhases = (
				AACD16221AD9FD23006FF457 /* Sources */,
				AACD16231AD9FD23006FF457 /* Frameworks */,
				AACD16241AD9FD23006FF457 /* CopyFiles */,
			);
			buildRules = (
			);
			dependencies = (
			);
			name = CBridgeTest;
			productName = CBridgeTest;
			productReference = AACD16261AD9FD23006FF457 /* CBridgeTest */;
			productType = "com.apple.product-type.tool";
		};
/* End PBXNativeTarget section */

/* Begin PBXProject section */
		AACD161E1AD9FD23006FF457 /* Project object */ = {
			isa = PBXProject;
			attributes = {
				LastUpgradeCheck = 0630;
				ORGANIZATIONNAME = systemsblue;
				TargetAttributes = {
					AACD16251AD9FD23006FF457 = {
						CreatedOnToolsVersion = 6.3;
					};
				};
			};
			buildConfigurationList = AACD16211AD9FD23006FF457 /* Build configuration list for PBXProject "CBridgeTest" */;
			compatibilityVersion = "Xcode 3.2";
			developmentRegion = English;
			hasScannedForEncodings = 0;
			knownRegions = (
				en,
			);
			mainGroup = AACD161D1AD9FD23006FF457;
			productRefGroup = AACD16271AD9FD23006FF457 /* Products */;
			projectDirPath = "";
			projectRoot = "";
			targets = (
				AACD16251AD9FD23006FF457 /* CBridgeTest */,
			);
		};
/* End PBXProject section */

/* Begin PBXSourcesBuildPhase section */
		AACD16221AD9FD23006FF457 /* Sources */ = {
			isa = PBXSourcesBuildPhase;
			buildActionMask = 2147483647;
			files = (
				AAD844F01AEA2A6B00C0FE4C /* sub01.m in Sources */,
				AACD16351AD9FE58006FF457 /* sub02.c in Sources */,
				AACD162A1AD9FD23006FF457 /* main.swift in Sources */,
			);
			runOnlyForDeploymentPostprocessing = 0;
		};
/* End PBXSourcesBuildPhase section */

/* Begin XCBuildConfiguration section */
		AACD162B1AD9FD23006FF457 /* Debug */ = {
			isa = XCBuildConfiguration;
			buildSettings = {
				ALWAYS_SEARCH_USER_PATHS = NO;
				CLANG_CXX_LANGUAGE_STANDARD = "gnu++0x";
				CLANG_CXX_LIBRARY = "libc++";
				CLANG_ENABLE_MODULES = YES;
				CLANG_ENABLE_OBJC_ARC = YES;
				CLANG_WARN_BOOL_CONVERSION = YES;
				CLANG_WARN_CONSTANT_CONVERSION = YES;
				CLANG_WARN_DIRECT_OBJC_ISA_USAGE = YES_ERROR;
				CLANG_WARN_EMPTY_BODY = YES;
				CLANG_WARN_ENUM_CONVERSION = YES;
				CLANG_WARN_INT_CONVERSION = YES;
				CLANG_WARN_OBJC_ROOT_CLASS = YES_ERROR;
				CLANG_WARN_UNREACHABLE_CODE = YES;
				CLANG_WARN__DUPLICATE_METHOD_MATCH = YES;
				COPY_PHASE_STRIP = NO;
				DEBUG_INFORMATION_FORMAT = dwarf;
				ENABLE_STRICT_OBJC_MSGSEND = YES;
				GCC_C_LANGUAGE_STANDARD = gnu99;
				GCC_DYNAMIC_NO_PIC = NO;
				GCC_NO_COMMON_BLOCKS = YES;
				GCC_OPTIMIZATION_LEVEL = 0;
				GCC_PREPROCESSOR_DEFINITIONS = (
					"DEBUG=1",
					"$(inherited)",
				);
				GCC_SYMBOLS_PRIVATE_EXTERN = NO;
				GCC_WARN_64_TO_32_BIT_CONVERSION = YES;
				GCC_WARN_ABOUT_RETURN_TYPE = YES_ERROR;
				GCC_WARN_UNDECLARED_SELECTOR = YES;
				GCC_WARN_UNINITIALIZED_AUTOS = YES_AGGRESSIVE;
				GCC_WARN_UNUSED_FUNCTION = YES;
				GCC_WARN_UNUSED_VARIABLE = YES;
				MACOSX_DEPLOYMENT_TARGET = 10.10;
				MTL_ENABLE_DEBUG_INFO = YES;
				ONLY_ACTIVE_ARCH = YES;
				SDKROOT = macosx;
				SWIFT_OPTIMIZATION_LEVEL = "-Onone";
			};
			name = Debug;
		};
		AACD162C1AD9FD23006FF457 /* Release */ = {
			isa = XCBuildConfiguration;
			buildSettings = {
				ALWAYS_SEARCH_USER_PATHS = NO;
				CLANG_CXX_LANGUAGE_STANDARD = "gnu++0x";
				CLANG_CXX_LIBRARY = "libc++";
				CLANG_ENABLE_MODULES = YES;
				CLANG_ENABLE_OBJC_ARC = YES;
				CLANG_WARN_BOOL_CONVERSION = YES;
				CLANG_WARN_CONSTANT_CONVERSION = YES;
				CLANG_WARN_DIRECT_OBJC_ISA_USAGE = YES_ERROR;
				CLANG_WARN_EMPTY_BODY = YES;
				CLANG_WARN_ENUM_CONVERSION = YES;
				CLANG_WARN_INT_CONVERSION = YES;
				CLANG_WARN_OBJC_ROOT_CLASS = YES_ERROR;
				CLANG_WARN_UNREACHABLE_CODE = YES;
				CLANG_WARN__DUPLICATE_METHOD_MATCH = YES;
				COPY_PHASE_STRIP = NO;
				DEBUG_INFORMATION_FORMAT = "dwarf-with-dsym";
				ENABLE_NS_ASSERTIONS = NO;
				ENABLE_STRICT_OBJC_MSGSEND = YES;
				GCC_C_LANGUAGE_STANDARD = gnu99;
				GCC_NO_COMMON_BLOCKS = YES;
				GCC_WARN_64_TO_32_BIT_CONVERSION = YES;
				GCC_WARN_ABOUT_RETURN_TYPE = YES_ERROR;
				GCC_WARN_UNDECLARED_SELECTOR = YES;
				GCC_WARN_UNINITIALIZED_AUTOS = YES_AGGRESSIVE;
				GCC_WARN_UNUSED_FUNCTION = YES;
				GCC_WARN_UNUSED_VARIABLE = YES;
				MACOSX_DEPLOYMENT_TARGET = 10.10;
				MTL_ENABLE_DEBUG_INFO = NO;
				SDKROOT = macosx;
			};
			name = Release;
		};
		AACD162E1AD9FD23006FF457 /* Debug */ = {
			isa = XCBuildConfiguration;
			buildSettings = {
				CLANG_ENABLE_MODULES = YES;
				LD_RUNPATH_SEARCH_PATHS = "$(inherited) @executable_path/../Frameworks @loader_path/../Frameworks";
				PRODUCT_NAME = "$(TARGET_NAME)";
				SWIFT_OBJC_BRIDGING_HEADER = "CBridgeTest-Bridging-Header.h";
				SWIFT_OPTIMIZATION_LEVEL = "-Onone";
			};
			name = Debug;
		};
		AACD162F1AD9FD23006FF457 /* Release */ = {
			isa = XCBuildConfiguration;
			buildSettings = {
				CLANG_ENABLE_MODULES = YES;
				LD_RUNPATH_SEARCH_PATHS = "$(inherited) @executable_path/../Frameworks @loader_path/../Frameworks";
				PRODUCT_NAME = "$(TARGET_NAME)";
				SWIFT_OBJC_BRIDGING_HEADER = "CBridgeTest-Bridging-Header.h";
			};
			name = Release;
		};
/* End XCBuildConfiguration section */

/* Begin XCConfigurationList section */
		AACD16211AD9FD23006FF457 /* Build configuration list for PBXProject "CBridgeTest" */ = {
			isa = XCConfigurationList;
			buildConfigurations = (
				AACD162B1AD9FD23006FF457 /* Debug */,
				AACD162C1AD9FD23006FF457 /* Release */,
			);
			defaultConfigurationIsVisible = 0;
			defaultConfigurationName = Release;
		};
		AACD162D1AD9FD23006FF457 /* Build configuration list for PBXNativeTarget "CBridgeTest" */ = {
			isa = XCConfigurationList;
			buildConfigurations = (
				AACD162E1AD9FD23006FF457 /* Debug */,
				AACD162F1AD9FD23006FF457 /* Release */,
			);
			defaultConfigurationIsVisible = 0;
			defaultConfigurationName = Release;
		};
/* End XCConfigurationList section */
	};
	rootObject = AACD161E1AD9FD23006FF457 /* Project object */;
}
